github.com/google/btree v1.0.0 h1:0udJVsspx3VBr5FwtLhQQtuAsVc79tTq0ocGIPAU6qo=
github.com/google/btree v1.0.0/go.mod h1:lNA+9X1NB3Zf8V7Ke586lFgjr2dZNuvo3lPJSGZ5JPQ=
github.com/google/netstack v0.0.0-20191123085552-55fcc16cd0eb h1:/YcrD0GSdU5gtckXHVjSEd0Y6VgboNW7VYyImZS3y6g=
github.com/google/netstack v0.0.0-20191123085552-55fcc16cd0eb/go.mod h1:r/rILWg3r1Qy9G1IFMhsqWLq2GjwuYoTuPgG7ckMAjk=
github.com/klauspost/cpuid v1.2.4 h1:EBfaK0SWSwk+fgk6efYFWdzl8MwRWoOO1gkmiaTXPW4=
github.com/klauspost/cpuid v1.2.4/go.mod h1:Pj4uuM528wm8OyEC2QMXAi2YiTZ96dNQPGgoMS4s3ek=
github.com/klauspost/reedsolomon v1.9.9 h1:qCL7LZlv17xMixl55nq2/Oa1Y86nfO8EqDfv2GHND54=
github.com/klauspost/reedsolomon v1.9.9/go.mod h1:O7yFFHiQwDR6b2t63KPUpccPtNdp5ADgh1gg4fd12wo=
github.com/songgao/water v0.0.0-20200317203138-2b4b6d7c09d8 h1:TG/diQgUe0pntT/2D9tmUCz4VNwm9MfrtPr0SU2qSX8=
github.com/songgao/water v0.0.0-20200317203138-2b4b6d7c09d8/go.mod h1:P5HUIBuIWKbyjl083/loAegFkfbFNx5i2qEP4CNbm7E=
golang.org/x/sys v0.0.0-20200831180312-196b9ba8737a h1:i47hUS795cOydZI4AwJQCKXOr4BvxzvikwDoDtHhP2Y=
golang.org/x/sys v0.0.0-20200831180312-196b9ba8737a/go.mod h1:h1NjWce9XRLGQEsW7wpKNCjG9DtNlClVuFLEZdDNbEs=
golang.org/x/sys v0.0.0-20200922070232-aee5d888a860 h1:YEu4SMq7D0cmT7CBbXfcH0NZeuChAXwsHe/9XueUO6o=
golang.org/x/sys v0.0.0-20200922070232-aee5d888a860/go.mod h1:h1NjWce9XRLGQEsW7wpKNCjG9DtNlClVuFLEZdDNbEs=
golang.org/x/time v0.0.0-20200630173020-3af7569d3a1e h1:EHBhcS0mlXEAVwNyO2dLfjToGsyY4j24pTs2ScHnX7s=
golang.org/x/time v0.0.0-20200630173020-3af7569d3a1e/go.mod h1:tRJNPiyCQ0inRvYxbN9jk5I+vvW/OXSQhTDSoE431IQ=
